Microsoft Visual Studio Solution File, Format Version 11.00
# Visual Studio 2008

Project("{59E423FB-A048-0DF7-2123-109A4E7EDF2C}") = "vrnd-course2-starter-project-002", "Assembly-CSharp.csproj", "{2F24E282-8BB0-6B14-4B39-F8F64B776A49}"
EndProject
Project("{59E423FB-A048-0DF7-2123-109A4E7EDF2C}") = "vrnd-course2-starter-project-002", "Assembly-CSharp-Editor.csproj", "{5C756236-E881-EA67-27F4-240C513628A1}"
EndProject
Global
	GlobalSection(SolutionConfigurationPlatforms) = preSolution
		Debug|Any CPU = Debug|Any CPU
		Release|Any CPU = Release|Any CPU
	EndGlobalSection
	GlobalSection(ProjectConfigurationPlatforms) = postSolution
		{2F24E282-8BB0-6B14-4B39-F8F64B776A49}.Debug|Any CPU.ActiveCfg = Debug|Any CPU
		{2F24E282-8BB0-6B14-4B39-F8F64B776A49}.Debug|Any CPU.Build.0 = Debug|Any CPU
		{2F24E282-8BB0-6B14-4B39-F8F64B776A49}.Release|Any CPU.ActiveCfg = Release|Any CPU
		{2F24E282-8BB0-6B14-4B39-F8F64B776A49}.Release|Any CPU.Build.0 = Release|Any CPU
		{5C756236-E881-EA67-27F4-240C513628A1}.Debug|Any CPU.ActiveCfg = Debug|Any CPU
		{5C756236-E881-EA67-27F4-240C513628A1}.Debug|Any CPU.Build.0 = Debug|Any CPU
		{5C756236-E881-EA67-27F4-240C513628A1}.Release|Any CPU.ActiveCfg = Release|Any CPU
		{5C756236-E881-EA67-27F4-240C513628A1}.Release|Any CPU.Build.0 = Release|Any CPU
	EndGlobalSection
	GlobalSection(SolutionProperties) = preSolution
		HideSolutionNode = FALSE
	EndGlobalSection
	GlobalSection(MonoDevelopProperties) = preSolution
		StartupItem = Assembly-CSharp.csproj
	EndGlobalSection
EndGlobal
